
Microsoft Visual Studio Solution File, Format Version 12.00
# Visual Studio Version 17
VisualStudioVersion = 17.7.34024.191
MinimumVisualStudioVersion = 10.0.40219.1
Project("{9A19103F-16F7-4668-BE54-9A1E7A4F7556}") = "blogpessoal", "blogpessoal.csproj", "{214C6C03-FED2-4ABC-8CCC-9460CD9C72D0}"
EndProject
Project("{9A19103F-16F7-4668-BE54-9A1E7A4F7556}") = "blogpessoaltest", "..\blogpessoal_test\blogpessoaltest.csproj", "{7BC87254-54B2-4EC2-B4BC-1112682156AE}"
EndProject
Global
	GlobalSection(SolutionConfigurationPlatforms) = preSolution
		Debug|Any CPU = Debug|Any CPU
		Release|Any CPU = Release|Any CPU
	EndGlobalSection
	GlobalSection(ProjectConfigurationPlatforms) = postSolution
		{214C6C03-FED2-4ABC-8CCC-9460CD9C72D0}.Debug|Any CPU.ActiveCfg = Debug|Any CPU
		{214C6C03-FED2-4ABC-8CCC-9460CD9C72D0}.Debug|Any CPU.Build.0 = Debug|Any CPU
		{214C6C03-FED2-4ABC-8CCC-9460CD9C72D0}.Release|Any CPU.ActiveCfg = Release|Any CPU
		{214C6C03-FED2-4ABC-8CCC-9460CD9C72D0}.Release|Any CPU.Build.0 = Release|Any CPU
		{7BC87254-54B2-4EC2-B4BC-1112682156AE}.Debug|Any CPU.ActiveCfg = Debug|Any CPU
		{7BC87254-54B2-4EC2-B4BC-1112682156AE}.Debug|Any CPU.Build.0 = Debug|Any CPU
		{7BC87254-54B2-4EC2-B4BC-1112682156AE}.Release|Any CPU.ActiveCfg = Release|Any CPU
		{7BC87254-54B2-4EC2-B4BC-1112682156AE}.Release|Any CPU.Build.0 = Release|Any CPU
	EndGlobalSection
	GlobalSection(SolutionProperties) = preSolution
		HideSolutionNode = FALSE
	EndGlobalSection
	GlobalSection(ExtensibilityGlobals) = postSolution
		SolutionGuid = {9A2EBDA1-473C-4560-A669-6B018AAC6CEF}
	EndGlobalSection
EndGlobal
